// !$*UTF8*$!
{
	archiveVersion = 1;
	classes = {
	};
	objectVersion = 56;
	objects = {

/* Begin PBXBuildFile section */
		28756D432BC3128C000CAB6C /* NavTabVC.swift in Sources */ = {isa = PBXBuildFile; fileRef = 28756D422BC3128C000CAB6C /* NavTabVC.swift */; };
		28C6B51F2B9B651200E2DBC3 /* japan.jpg in Resources */ = {isa = PBXBuildFile; fileRef = 28C6B51E2B9B651200E2DBC3 /* japan.jpg */; };
		28C6B5212B9B660E00E2DBC3 /* defaultProfilePicture.png in Resources */ = {isa = PBXBuildFile; fileRef = 28C6B5202B9B660D00E2DBC3 /* defaultProfilePicture.png */; };
		28C6B5252BA6151700E2DBC3 /* logoItinAI.jpeg in Resources */ = {isa = PBXBuildFile; fileRef = 28C6B5242BA6151700E2DBC3 /* logoItinAI.jpeg */; };
		28C786452B9A3C81003C757D /* AppDelegate.swift in Sources */ = {isa = PBXBuildFile; fileRef = 28C786442B9A3C81003C757D /* AppDelegate.swift */; };
		28C786472B9A3C81003C757D /* SceneDelegate.swift in Sources */ = {isa = PBXBuildFile; fileRef = 28C786462B9A3C81003C757D /* SceneDelegate.swift */; };
		28C786492B9A3C81003C757D /* LoginVC.swift in Sources */ = {isa = PBXBuildFile; fileRef = 28C786482B9A3C81003C757D /* LoginVC.swift */; };
		28C7864C2B9A3C81003C757D /* Main.storyboard in Resources */ = {isa = PBXBuildFile; fileRef = 28C7864A2B9A3C81003C757D /* Main.storyboard */; };
		28C7864F2B9A3C81003C757D /* itinAI_Project.xcdatamodeld in Sources */ = {isa = PBXBuildFile; fileRef = 28C7864D2B9A3C81003C757D /* itinAI_Project.xcdatamodeld */; };
		28C786512B9A3C87003C757D /* Assets.xcassets in Resources */ = {isa = PBXBuildFile; fileRef = 28C786502B9A3C87003C757D /* Assets.xcassets */; };
		28C786542B9A3C87003C757D /* LaunchScreen.storyboard in Resources */ = {isa = PBXBuildFile; fileRef = 28C786522B9A3C87003C757D /* LaunchScreen.storyboard */; };
		28C7865C2B9A3E4C003C757D /* SignUpVC.swift in Sources */ = {isa = PBXBuildFile; fileRef = 28C7865B2B9A3E4C003C757D /* SignUpVC.swift */; };
		3BB9936A2BA65057003AC721 /* GroupPageVC.swift in Sources */ = {isa = PBXBuildFile; fileRef = 3BB993692BA65057003AC721 /* GroupPageVC.swift */; };
		3BB9936C2BA6516A003AC721 /* GoogleService-Info.plist in Resources */ = {isa = PBXBuildFile; fileRef = 3BB9936B2BA6516A003AC721 /* GoogleService-Info.plist */; };
		3BB993712BA65384003AC721 /* FirebaseAnalytics in Frameworks */ = {isa = PBXBuildFile; productRef = 3BB993702BA65384003AC721 /* FirebaseAnalytics */; };
		3BB993732BA65384003AC721 /* FirebaseAnalyticsOnDeviceConversion in Frameworks */ = {isa = PBXBuildFile; productRef = 3BB993722BA65384003AC721 /* FirebaseAnalyticsOnDeviceConversion */; };
		3BB993752BA65384003AC721 /* FirebaseAnalyticsSwift in Frameworks */ = {isa = PBXBuildFile; productRef = 3BB993742BA65384003AC721 /* FirebaseAnalyticsSwift */; };
		3BB993772BA65384003AC721 /* FirebaseAnalyticsWithoutAdIdSupport in Frameworks */ = {isa = PBXBuildFile; productRef = 3BB993762BA65384003AC721 /* FirebaseAnalyticsWithoutAdIdSupport */; };
		3BB993792BA65384003AC721 /* FirebaseAppCheck in Frameworks */ = {isa = PBXBuildFile; productRef = 3BB993782BA65384003AC721 /* FirebaseAppCheck */; };
		3BB9937B2BA65384003AC721 /* FirebaseAppDistribution-Beta in Frameworks */ = {isa = PBXBuildFile; productRef = 3BB9937A2BA65384003AC721 /* FirebaseAppDistribution-Beta */; };
		3BB9937D2BA65384003AC721 /* FirebaseAuth in Frameworks */ = {isa = PBXBuildFile; productRef = 3BB9937C2BA65384003AC721 /* FirebaseAuth */; };
		3BB9937F2BA65384003AC721 /* FirebaseAuthCombine-Community in Frameworks */ = {isa = PBXBuildFile; productRef = 3BB9937E2BA65384003AC721 /* FirebaseAuthCombine-Community */; };
		3BB993812BA65384003AC721 /* FirebaseCrashlytics in Frameworks */ = {isa = PBXBuildFile; productRef = 3BB993802BA65384003AC721 /* FirebaseCrashlytics */; };
		3BB993832BA65384003AC721 /* FirebaseDatabase in Frameworks */ = {isa = PBXBuildFile; productRef = 3BB993822BA65384003AC721 /* FirebaseDatabase */; };
		3BB993852BA65384003AC721 /* FirebaseDatabaseSwift in Frameworks */ = {isa = PBXBuildFile; productRef = 3BB993842BA65384003AC721 /* FirebaseDatabaseSwift */; };
		3BB993872BA65384003AC721 /* FirebaseDynamicLinks in Frameworks */ = {isa = PBXBuildFile; productRef = 3BB993862BA65384003AC721 /* FirebaseDynamicLinks */; };
		3BB993892BA65384003AC721 /* FirebaseFirestore in Frameworks */ = {isa = PBXBuildFile; productRef = 3BB993882BA65384003AC721 /* FirebaseFirestore */; };
		3BB9938B2BA65384003AC721 /* FirebaseFirestoreCombine-Community in Frameworks */ = {isa = PBXBuildFile; productRef = 3BB9938A2BA65384003AC721 /* FirebaseFirestoreCombine-Community */; };
		3BB9938D2BA65384003AC721 /* FirebaseFirestoreSwift in Frameworks */ = {isa = PBXBuildFile; productRef = 3BB9938C2BA65384003AC721 /* FirebaseFirestoreSwift */; };
		3BB9938F2BA65384003AC721 /* FirebaseFunctions in Frameworks */ = {isa = PBXBuildFile; productRef = 3BB9938E2BA65384003AC721 /* FirebaseFunctions */; };
		3BB993912BA65384003AC721 /* FirebaseFunctionsCombine-Community in Frameworks */ = {isa = PBXBuildFile; productRef = 3BB993902BA65384003AC721 /* FirebaseFunctionsCombine-Community */; };
		3BB993932BA65384003AC721 /* FirebaseInAppMessaging-Beta in Frameworks */ = {isa = PBXBuildFile; productRef = 3BB993922BA65384003AC721 /* FirebaseInAppMessaging-Beta */; };
		3BB993952BA65384003AC721 /* FirebaseInAppMessagingSwift-Beta in Frameworks */ = {isa = PBXBuildFile; productRef = 3BB993942BA65384003AC721 /* FirebaseInAppMessagingSwift-Beta */; };
		3BB993972BA65384003AC721 /* FirebaseInstallations in Frameworks */ = {isa = PBXBuildFile; productRef = 3BB993962BA65384003AC721 /* FirebaseInstallations */; };
		3BB993992BA65384003AC721 /* FirebaseMLModelDownloader in Frameworks */ = {isa = PBXBuildFile; productRef = 3BB993982BA65384003AC721 /* FirebaseMLModelDownloader */; };
		3BB9939B2BA65384003AC721 /* FirebaseMessaging in Frameworks */ = {isa = PBXBuildFile; productRef = 3BB9939A2BA65384003AC721 /* FirebaseMessaging */; };
		3BB9939D2BA65384003AC721 /* FirebasePerformance in Frameworks */ = {isa = PBXBuildFile; productRef = 3BB9939C2BA65384003AC721 /* FirebasePerformance */; };
		3BB9939F2BA65384003AC721 /* FirebaseRemoteConfig in Frameworks */ = {isa = PBXBuildFile; productRef = 3BB9939E2BA65384003AC721 /* FirebaseRemoteConfig */; };
		3BB993A12BA65384003AC721 /* FirebaseRemoteConfigSwift in Frameworks */ = {isa = PBXBuildFile; productRef = 3BB993A02BA65384003AC721 /* FirebaseRemoteConfigSwift */; };
		3BB993A32BA65384003AC721 /* FirebaseStorage in Frameworks */ = {isa = PBXBuildFile; productRef = 3BB993A22BA65384003AC721 /* FirebaseStorage */; };
		3BB993A52BA65384003AC721 /* FirebaseStorageCombine-Community in Frameworks */ = {isa = PBXBuildFile; productRef = 3BB993A42BA65384003AC721 /* FirebaseStorageCombine-Community */; };
		3BD878CA2BA8DFE600B51C3F /* User.swift in Sources */ = {isa = PBXBuildFile; fileRef = 3BD878C92BA8DFE600B51C3F /* User.swift */; };
		3BD878CC2BA8DFED00B51C3F /* Group.swift in Sources */ = {isa = PBXBuildFile; fileRef = 3BD878CB2BA8DFED00B51C3F /* Group.swift */; };
		3BD878CE2BA8E00100B51C3F /* ImageCollectionViewCell.swift in Sources */ = {isa = PBXBuildFile; fileRef = 3BD878CD2BA8E00100B51C3F /* ImageCollectionViewCell.swift */; };
		3BF2F9F72BBB501400C90D2B /* OpenAI in Frameworks */ = {isa = PBXBuildFile; productRef = 3BF2F9F62BBB501400C90D2B /* OpenAI */; };
		827389732BC328EE0000730D /* GroupTableViewCell.swift in Sources */ = {isa = PBXBuildFile; fileRef = 827389722BC328EE0000730D /* GroupTableViewCell.swift */; };
		829207B52BC067FC00FD63E2 /* City.swift in Sources */ = {isa = PBXBuildFile; fileRef = 829207B42BC067FC00FD63E2 /* City.swift */; };
		82E7BBC12B9B70F100EE2CED /* CircularProfilePicture.swift in Sources */ = {isa = PBXBuildFile; fileRef = 82E7BBBE2B9B70F100EE2CED /* CircularProfilePicture.swift */; };
		82E7BBC22B9B70F100EE2CED /* ProfileDoneButton.swift in Sources */ = {isa = PBXBuildFile; fileRef = 82E7BBBF2B9B70F100EE2CED /* ProfileDoneButton.swift */; };
		82E7BBC32B9B70F100EE2CED /* ProfilePage.swift in Sources */ = {isa = PBXBuildFile; fileRef = 82E7BBC02B9B70F100EE2CED /* ProfilePage.swift */; };
		9D2BF0042BA777130029E742 /* GroupDetailsViewController.swift in Sources */ = {isa = PBXBuildFile; fileRef = 9D2BF0032BA777130029E742 /* GroupDetailsViewController.swift */; };
		9D2BF0082BA7831E0029E742 /* CustomPeopleTableViewCell.swift in Sources */ = {isa = PBXBuildFile; fileRef = 9D2BF0072BA7831E0029E742 /* CustomPeopleTableViewCell.swift */; };
		9D8D6E892BBB50F1002DDF75 /* SurveyPageVC.swift in Sources */ = {isa = PBXBuildFile; fileRef = 9D8D6E882BBB50F1002DDF75 /* SurveyPageVC.swift */; };
		9D8D6E8B2BBB51A7002DDF75 /* ItineraryPageVC.swift in Sources */ = {isa = PBXBuildFile; fileRef = 9D8D6E8A2BBB51A7002DDF75 /* ItineraryPageVC.swift */; };
		9DC44AB42BA65E8C002906C8 /* HomePageVC.swift in Sources */ = {isa = PBXBuildFile; fileRef = 9DC44AB32BA65E8C002906C8 /* HomePageVC.swift */; };
/* End PBXBuildFile section */

/* Begin PBXFileReference section */
		28756D422BC3128C000CAB6C /* NavTabVC.swift */ = {isa = PBXFileReference; lastKnownFileType = sourcecode.swift; path = NavTabVC.swift; sourceTree = "<group>"; };
		28C6B51E2B9B651200E2DBC3 /* japan.jpg */ = {isa = PBXFileReference; lastKnownFileType = image.jpeg; path = japan.jpg; sourceTree = "<group>"; };
		28C6B5202B9B660D00E2DBC3 /* defaultProfilePicture.png */ = {isa = PBXFileReference; lastKnownFileType = image.png; path = defaultProfilePicture.png; sourceTree = "<group>"; };
		28C6B5242BA6151700E2DBC3 /* logoItinAI.jpeg */ = {isa = PBXFileReference; lastKnownFileType = image.jpeg; path = logoItinAI.jpeg; sourceTree = "<group>"; };
		28C786412B9A3C81003C757D /* itinAI-Project.app */ = {isa = PBXFileReference; explicitFileType = wrapper.application; includeInIndex = 0; path = "itinAI-Project.app"; sourceTree = BUILT_PRODUCTS_DIR; };
		28C786442B9A3C81003C757D /* AppDelegate.swift */ = {isa = PBXFileReference; lastKnownFileType = sourcecode.swift; path = AppDelegate.swift; sourceTree = "<group>"; };
		28C786462B9A3C81003C757D /* SceneDelegate.swift */ = {isa = PBXFileReference; lastKnownFileType = sourcecode.swift; path = SceneDelegate.swift; sourceTree = "<group>"; };
		28C786482B9A3C81003C757D /* LoginVC.swift */ = {isa = PBXFileReference; lastKnownFileType = sourcecode.swift; path = LoginVC.swift; sourceTree = "<group>"; };
		28C7864B2B9A3C81003C757D /* Base */ = {isa = PBXFileReference; lastKnownFileType = file.storyboard; name = Base; path = Base.lproj/Main.storyboard; sourceTree = "<group>"; };
		28C7864E2B9A3C81003C757D /* itinAI_Project.xcdatamodel */ = {isa = PBXFileReference; lastKnownFileType = wrapper.xcdatamodel; path = itinAI_Project.xcdatamodel; sourceTree = "<group>"; };
		28C786502B9A3C87003C757D /* Assets.xcassets */ = {isa = PBXFileReference; lastKnownFileType = folder.assetcatalog; path = Assets.xcassets; sourceTree = "<group>"; };
		28C786532B9A3C87003C757D /* Base */ = {isa = PBXFileReference; lastKnownFileType = file.storyboard; name = Base; path = Base.lproj/LaunchScreen.storyboard; sourceTree = "<group>"; };
		28C786552B9A3C87003C757D /* Info.plist */ = {isa = PBXFileReference; lastKnownFileType = text.plist.xml; path = Info.plist; sourceTree = "<group>"; };
		28C7865B2B9A3E4C003C757D /* SignUpVC.swift */ = {isa = PBXFileReference; lastKnownFileType = sourcecode.swift; path = SignUpVC.swift; sourceTree = "<group>"; };
		3B1123D42B9B70BF00DF05D8 /* CircularProfilePicture.swift */ = {isa = PBXFileReference; fileEncoding = 4; lastKnownFileType = sourcecode.swift; path = CircularProfilePicture.swift; sourceTree = "<group>"; };
		3B1123D52B9B70BF00DF05D8 /* ProfileDoneButton.swift */ = {isa = PBXFileReference; fileEncoding = 4; lastKnownFileType = sourcecode.swift; path = ProfileDoneButton.swift; sourceTree = "<group>"; };
		3B1123D62B9B70BF00DF05D8 /* ProfilePage.swift */ = {isa = PBXFileReference; fileEncoding = 4; lastKnownFileType = sourcecode.swift; path = ProfilePage.swift; sourceTree = "<group>"; };
		3BB993692BA65057003AC721 /* GroupPageVC.swift */ = {isa = PBXFileReference; lastKnownFileType = sourcecode.swift; path = GroupPageVC.swift; sourceTree = "<group>"; };
		3BB9936B2BA6516A003AC721 /* GoogleService-Info.plist */ = {isa = PBXFileReference; fileEncoding = 4; lastKnownFileType = text.plist.xml; path = "GoogleService-Info.plist"; sourceTree = "<group>"; };
		3BD878C92BA8DFE600B51C3F /* User.swift */ = {isa = PBXFileReference; fileEncoding = 4; lastKnownFileType = sourcecode.swift; path = User.swift; sourceTree = "<group>"; };
		3BD878CB2BA8DFED00B51C3F /* Group.swift */ = {isa = PBXFileReference; fileEncoding = 4; lastKnownFileType = sourcecode.swift; path = Group.swift; sourceTree = "<group>"; };
		3BD878CD2BA8E00100B51C3F /* ImageCollectionViewCell.swift */ = {isa = PBXFileReference; fileEncoding = 4; lastKnownFileType = sourcecode.swift; path = ImageCollectionViewCell.swift; sourceTree = "<group>"; };
		827389722BC328EE0000730D /* GroupTableViewCell.swift */ = {isa = PBXFileReference; lastKnownFileType = sourcecode.swift; path = GroupTableViewCell.swift; sourceTree = "<group>"; };
		829207B42BC067FC00FD63E2 /* City.swift */ = {isa = PBXFileReference; fileEncoding = 4; lastKnownFileType = sourcecode.swift; path = City.swift; sourceTree = "<group>"; };
		82E7BBBE2B9B70F100EE2CED /* CircularProfilePicture.swift */ = {isa = PBXFileReference; fileEncoding = 4; lastKnownFileType = sourcecode.swift; path = CircularProfilePicture.swift; sourceTree = "<group>"; };
		82E7BBBF2B9B70F100EE2CED /* ProfileDoneButton.swift */ = {isa = PBXFileReference; fileEncoding = 4; lastKnownFileType = sourcecode.swift; path = ProfileDoneButton.swift; sourceTree = "<group>"; };
		82E7BBC02B9B70F100EE2CED /* ProfilePage.swift */ = {isa = PBXFileReference; fileEncoding = 4; lastKnownFileType = sourcecode.swift; path = ProfilePage.swift; sourceTree = "<group>"; };
		9D2BF0032BA777130029E742 /* GroupDetailsViewController.swift */ = {isa = PBXFileReference; lastKnownFileType = sourcecode.swift; path = GroupDetailsViewController.swift; sourceTree = "<group>"; };
		9D2BF0072BA7831E0029E742 /* CustomPeopleTableViewCell.swift */ = {isa = PBXFileReference; lastKnownFileType = sourcecode.swift; path = CustomPeopleTableViewCell.swift; sourceTree = "<group>"; };
		9D8D6E882BBB50F1002DDF75 /* SurveyPageVC.swift */ = {isa = PBXFileReference; fileEncoding = 4; lastKnownFileType = sourcecode.swift; path = SurveyPageVC.swift; sourceTree = "<group>"; };
		9D8D6E8A2BBB51A7002DDF75 /* ItineraryPageVC.swift */ = {isa = PBXFileReference; fileEncoding = 4; lastKnownFileType = sourcecode.swift; path = ItineraryPageVC.swift; sourceTree = "<group>"; };
		9DC44AB32BA65E8C002906C8 /* HomePageVC.swift */ = {isa = PBXFileReference; fileEncoding = 4; lastKnownFileType = sourcecode.swift; path = HomePageVC.swift; sourceTree = "<group>"; };
/* End PBXFileReference section */

/* Begin PBXFrameworksBuildPhase section */
		28C7863E2B9A3C81003C757D /* Frameworks */ = {
			isa = PBXFrameworksBuildPhase;
			buildActionMask = 2147483647;
			files = (
				3BB993832BA65384003AC721 /* FirebaseDatabase in Frameworks */,
				3BB993912BA65384003AC721 /* FirebaseFunctionsCombine-Community in Frameworks */,
				3BB993892BA65384003AC721 /* FirebaseFirestore in Frameworks */,
				3BB993752BA65384003AC721 /* FirebaseAnalyticsSwift in Frameworks */,
				3BB993712BA65384003AC721 /* FirebaseAnalytics in Frameworks */,
				3BB993732BA65384003AC721 /* FirebaseAnalyticsOnDeviceConversion in Frameworks */,
				3BB993992BA65384003AC721 /* FirebaseMLModelDownloader in Frameworks */,
				3BB9938D2BA65384003AC721 /* FirebaseFirestoreSwift in Frameworks */,
				3BB993792BA65384003AC721 /* FirebaseAppCheck in Frameworks */,
				3BB993772BA65384003AC721 /* FirebaseAnalyticsWithoutAdIdSupport in Frameworks */,
				3BB9937D2BA65384003AC721 /* FirebaseAuth in Frameworks */,
				3BB993812BA65384003AC721 /* FirebaseCrashlytics in Frameworks */,
				3BB993A12BA65384003AC721 /* FirebaseRemoteConfigSwift in Frameworks */,
				3BB993932BA65384003AC721 /* FirebaseInAppMessaging-Beta in Frameworks */,
				3BB993852BA65384003AC721 /* FirebaseDatabaseSwift in Frameworks */,
				3BB9938F2BA65384003AC721 /* FirebaseFunctions in Frameworks */,
				3BB993A52BA65384003AC721 /* FirebaseStorageCombine-Community in Frameworks */,
				3BB9939F2BA65384003AC721 /* FirebaseRemoteConfig in Frameworks */,
				3BF2F9F72BBB501400C90D2B /* OpenAI in Frameworks */,
				3BB9937B2BA65384003AC721 /* FirebaseAppDistribution-Beta in Frameworks */,
				3BB9937F2BA65384003AC721 /* FirebaseAuthCombine-Community in Frameworks */,
				3BB9939D2BA65384003AC721 /* FirebasePerformance in Frameworks */,
				3BB993952BA65384003AC721 /* FirebaseInAppMessagingSwift-Beta in Frameworks */,
				3BB993A32BA65384003AC721 /* FirebaseStorage in Frameworks */,
				3BB993872BA65384003AC721 /* FirebaseDynamicLinks in Frameworks */,
				3BB9938B2BA65384003AC721 /* FirebaseFirestoreCombine-Community in Frameworks */,
				3BB9939B2BA65384003AC721 /* FirebaseMessaging in Frameworks */,
				3BB993972BA65384003AC721 /* FirebaseInstallations in Frameworks */,
			);
			runOnlyForDeploymentPostprocessing = 0;
		};
/* End PBXFrameworksBuildPhase section */

/* Begin PBXGroup section */
		28C786382B9A3C81003C757D = {
			isa = PBXGroup;
			children = (
				28C786432B9A3C81003C757D /* itinAI-Project */,
				28C786422B9A3C81003C757D /* Products */,
				3BDE84F52BA589DC001CA809 /* Recovered References */,
			);
			sourceTree = "<group>";
		};
		28C786422B9A3C81003C757D /* Products */ = {
			isa = PBXGroup;
			children = (
				28C786412B9A3C81003C757D /* itinAI-Project.app */,
			);
			name = Products;
			sourceTree = "<group>";
		};
		28C786432B9A3C81003C757D /* itinAI-Project */ = {
			isa = PBXGroup;
			children = (
				28C786442B9A3C81003C757D /* AppDelegate.swift */,
				28C786462B9A3C81003C757D /* SceneDelegate.swift */,
				82E7BBBE2B9B70F100EE2CED /* CircularProfilePicture.swift */,
				82E7BBBF2B9B70F100EE2CED /* ProfileDoneButton.swift */,
				829207B42BC067FC00FD63E2 /* City.swift */,
				82E7BBC02B9B70F100EE2CED /* ProfilePage.swift */,
				9DC44AB32BA65E8C002906C8 /* HomePageVC.swift */,
				28C786482B9A3C81003C757D /* LoginVC.swift */,
				28C7865B2B9A3E4C003C757D /* SignUpVC.swift */,
				28756D422BC3128C000CAB6C /* NavTabVC.swift */,
				3BD878CD2BA8E00100B51C3F /* ImageCollectionViewCell.swift */,
				3BB9936B2BA6516A003AC721 /* GoogleService-Info.plist */,
				3BB993692BA65057003AC721 /* GroupPageVC.swift */,
				28C7864A2B9A3C81003C757D /* Main.storyboard */,
				9D8D6E8A2BBB51A7002DDF75 /* ItineraryPageVC.swift */,
				3BD878CB2BA8DFED00B51C3F /* Group.swift */,
				9D2BF0032BA777130029E742 /* GroupDetailsViewController.swift */,
				9D8D6E882BBB50F1002DDF75 /* SurveyPageVC.swift */,
				3BD878C92BA8DFE600B51C3F /* User.swift */,
				28C6B5242BA6151700E2DBC3 /* logoItinAI.jpeg */,
				28C6B51E2B9B651200E2DBC3 /* japan.jpg */,
				28C786502B9A3C87003C757D /* Assets.xcassets */,
				28C6B5202B9B660D00E2DBC3 /* defaultProfilePicture.png */,
				28C786522B9A3C87003C757D /* LaunchScreen.storyboard */,
				28C786552B9A3C87003C757D /* Info.plist */,
				28C7864D2B9A3C81003C757D /* itinAI_Project.xcdatamodeld */,
				3B1123D42B9B70BF00DF05D8 /* CircularProfilePicture.swift */,
				3B1123D52B9B70BF00DF05D8 /* ProfileDoneButton.swift */,
				3B1123D62B9B70BF00DF05D8 /* ProfilePage.swift */,
				9D2BF0072BA7831E0029E742 /* CustomPeopleTableViewCell.swift */,
				827389722BC328EE0000730D /* GroupTableViewCell.swift */,
			);
			path = "itinAI-Project";
			sourceTree = "<group>";
		};
		3BDE84F52BA589DC001CA809 /* Recovered References */ = {
			isa = PBXGroup;
			children = (
			);
			name = "Recovered References";
			sourceTree = "<group>";
		};
/* End PBXGroup section */

/* Begin PBXNativeTarget section */
		28C786402B9A3C81003C757D /* itinAI-Project */ = {
			isa = PBXNativeTarget;
			buildConfigurationList = 28C786582B9A3C87003C757D /* Build configuration list for PBXNativeTarget "itinAI-Project" */;
			buildPhases = (
				28C7863D2B9A3C81003C757D /* Sources */,
				28C7863E2B9A3C81003C757D /* Frameworks */,
				28C7863F2B9A3C81003C757D /* Resources */,
			);
			buildRules = (
			);
			dependencies = (
			);
			name = "itinAI-Project";
			packageProductDependencies = (
				3BB993702BA65384003AC721 /* FirebaseAnalytics */,
				3BB993722BA65384003AC721 /* FirebaseAnalyticsOnDeviceConversion */,
				3BB993742BA65384003AC721 /* FirebaseAnalyticsSwift */,
				3BB993762BA65384003AC721 /* FirebaseAnalyticsWithoutAdIdSupport */,
				3BB993782BA65384003AC721 /* FirebaseAppCheck */,
				3BB9937A2BA65384003AC721 /* FirebaseAppDistribution-Beta */,
				3BB9937C2BA65384003AC721 /* FirebaseAuth */,
				3BB9937E2BA65384003AC721 /* FirebaseAuthCombine-Community */,
				3BB993802BA65384003AC721 /* FirebaseCrashlytics */,
				3BB993822BA65384003AC721 /* FirebaseDatabase */,
				3BB993842BA65384003AC721 /* FirebaseDatabaseSwift */,
				3BB993862BA65384003AC721 /* FirebaseDynamicLinks */,
				3BB993882BA65384003AC721 /* FirebaseFirestore */,
				3BB9938A2BA65384003AC721 /* FirebaseFirestoreCombine-Community */,
				3BB9938C2BA65384003AC721 /* FirebaseFirestoreSwift */,
				3BB9938E2BA65384003AC721 /* FirebaseFunctions */,
				3BB993902BA65384003AC721 /* FirebaseFunctionsCombine-Community */,
				3BB993922BA65384003AC721 /* FirebaseInAppMessaging-Beta */,
				3BB993942BA65384003AC721 /* FirebaseInAppMessagingSwift-Beta */,
				3BB993962BA65384003AC721 /* FirebaseInstallations */,
				3BB993982BA65384003AC721 /* FirebaseMLModelDownloader */,
				3BB9939A2BA65384003AC721 /* FirebaseMessaging */,
				3BB9939C2BA65384003AC721 /* FirebasePerformance */,
				3BB9939E2BA65384003AC721 /* FirebaseRemoteConfig */,
				3BB993A02BA65384003AC721 /* FirebaseRemoteConfigSwift */,
				3BB993A22BA65384003AC721 /* FirebaseStorage */,
				3BB993A42BA65384003AC721 /* FirebaseStorageCombine-Community */,
				3BF2F9F62BBB501400C90D2B /* OpenAI */,
			);
			productName = "itinAI-Project";
			productReference = 28C786412B9A3C81003C757D /* itinAI-Project.app */;
			productType = "com.apple.product-type.application";
		};
/* End PBXNativeTarget section */

/* Begin PBXProject section */
		28C786392B9A3C81003C757D /* Project object */ = {
			isa = PBXProject;
			attributes = {
				BuildIndependentTargetsInParallel = 1;
				LastSwiftUpdateCheck = 1520;
				LastUpgradeCheck = 1520;
				TargetAttributes = {
					28C786402B9A3C81003C757D = {
						CreatedOnToolsVersion = 15.2;
					};
				};
			};
			buildConfigurationList = 28C7863C2B9A3C81003C757D /* Build configuration list for PBXProject "itinAI-Project" */;
			compatibilityVersion = "Xcode 14.0";
			developmentRegion = en;
			hasScannedForEncodings = 0;
			knownRegions = (
				en,
				Base,
			);
			mainGroup = 28C786382B9A3C81003C757D;
			packageReferences = (
				3BB9936F2BA65384003AC721 /* XCRemoteSwiftPackageReference "firebase-ios-sdk" */,
				3BF2F9F52BBB501400C90D2B /* XCRemoteSwiftPackageReference "OpenAI" */,
			);
			productRefGroup = 28C786422B9A3C81003C757D /* Products */;
			projectDirPath = "";
			projectRoot = "";
			targets = (
				28C786402B9A3C81003C757D /* itinAI-Project */,
			);
		};
/* End PBXProject section */

/* Begin PBXResourcesBuildPhase section */
		28C7863F2B9A3C81003C757D /* Resources */ = {
			isa = PBXResourcesBuildPhase;
			buildActionMask = 2147483647;
			files = (
				28C6B5212B9B660E00E2DBC3 /* defaultProfilePicture.png in Resources */,
				3BB9936C2BA6516A003AC721 /* GoogleService-Info.plist in Resources */,
				28C786542B9A3C87003C757D /* LaunchScreen.storyboard in Resources */,
				28C6B5252BA6151700E2DBC3 /* logoItinAI.jpeg in Resources */,
				28C786512B9A3C87003C757D /* Assets.xcassets in Resources */,
				28C6B51F2B9B651200E2DBC3 /* japan.jpg in Resources */,
				28C7864C2B9A3C81003C757D /* Main.storyboard in Resources */,
			);
			runOnlyForDeploymentPostprocessing = 0;
		};
/* End PBXResourcesBuildPhase section */

/* Begin PBXSourcesBuildPhase section */
		28C7863D2B9A3C81003C757D /* Sources */ = {
			isa = PBXSourcesBuildPhase;
			buildActionMask = 2147483647;
			files = (
				3BD878CA2BA8DFE600B51C3F /* User.swift in Sources */,
				9D8D6E892BBB50F1002DDF75 /* SurveyPageVC.swift in Sources */,
				829207B52BC067FC00FD63E2 /* City.swift in Sources */,
				3BB9936A2BA65057003AC721 /* GroupPageVC.swift in Sources */,
				9DC44AB42BA65E8C002906C8 /* HomePageVC.swift in Sources */,
				82E7BBC32B9B70F100EE2CED /* ProfilePage.swift in Sources */,
				82E7BBC12B9B70F100EE2CED /* CircularProfilePicture.swift in Sources */,
				28C786492B9A3C81003C757D /* LoginVC.swift in Sources */,
				3BD878CE2BA8E00100B51C3F /* ImageCollectionViewCell.swift in Sources */,
				28C786452B9A3C81003C757D /* AppDelegate.swift in Sources */,
				3BD878CC2BA8DFED00B51C3F /* Group.swift in Sources */,
				9D2BF0042BA777130029E742 /* GroupDetailsViewController.swift in Sources */,
				9D2BF0082BA7831E0029E742 /* CustomPeopleTableViewCell.swift in Sources */,
				28C786472B9A3C81003C757D /* SceneDelegate.swift in Sources */,
				28756D432BC3128C000CAB6C /* NavTabVC.swift in Sources */,
				82E7BBC22B9B70F100EE2CED /* ProfileDoneButton.swift in Sources */,
				9D8D6E8B2BBB51A7002DDF75 /* ItineraryPageVC.swift in Sources */,
				28C7865C2B9A3E4C003C757D /* SignUpVC.swift in Sources */,
				28C7864F2B9A3C81003C757D /* itinAI_Project.xcdatamodeld in Sources */,
				827389732BC328EE0000730D /* GroupTableViewCell.swift in Sources */,
			);
			runOnlyForDeploymentPostprocessing = 0;
		};
/* End PBXSourcesBuildPhase section */

/* Begin PBXVariantGroup section */
		28C7864A2B9A3C81003C757D /* Main.storyboard */ = {
			isa = PBXVariantGroup;
			children = (
				28C7864B2B9A3C81003C757D /* Base */,
			);
			name = Main.storyboard;
			sourceTree = "<group>";
		};
		28C786522B9A3C87003C757D /* LaunchScreen.storyboard */ = {
			isa = PBXVariantGroup;
			children = (
				28C786532B9A3C87003C757D /* Base */,
			);
			name = LaunchScreen.storyboard;
			sourceTree = "<group>";
		};
/* End PBXVariantGroup section */

/* Begin XCBuildConfiguration section */
		28C786562B9A3C87003C757D /* Debug */ = {
			isa = XCBuildConfiguration;
			buildSettings = {
				ALWAYS_SEARCH_USER_PATHS = NO;
				ASSETCATALOG_COMPILER_GENERATE_SWIFT_ASSET_SYMBOL_EXTENSIONS = YES;
				CLANG_ANALYZER_NONNULL = YES;
				CLANG_ANALYZER_NUMBER_OBJECT_CONVERSION = YES_AGGRESSIVE;
				CLANG_CXX_LANGUAGE_STANDARD = "gnu++20";
				CLANG_ENABLE_MODULES = YES;
				CLANG_ENABLE_OBJC_ARC = YES;
				CLANG_ENABLE_OBJC_WEAK = YES;
				CLANG_WARN_BLOCK_CAPTURE_AUTORELEASING = YES;
				CLANG_WARN_BOOL_CONVERSION = YES;
				CLANG_WARN_COMMA = YES;
				CLANG_WARN_CONSTANT_CONVERSION = YES;
				CLANG_WARN_DEPRECATED_OBJC_IMPLEMENTATIONS = YES;
				CLANG_WARN_DIRECT_OBJC_ISA_USAGE = YES_ERROR;
				CLANG_WARN_DOCUMENTATION_COMMENTS = YES;
				CLANG_WARN_EMPTY_BODY = YES;
				CLANG_WARN_ENUM_CONVERSION = YES;
				CLANG_WARN_INFINITE_RECURSION = YES;
				CLANG_WARN_INT_CONVERSION = YES;
				CLANG_WARN_NON_LITERAL_NULL_CONVERSION = YES;
				CLANG_WARN_OBJC_IMPLICIT_RETAIN_SELF = YES;
				CLANG_WARN_OBJC_LITERAL_CONVERSION = YES;
				CLANG_WARN_OBJC_ROOT_CLASS = YES_ERROR;
				CLANG_WARN_QUOTED_INCLUDE_IN_FRAMEWORK_HEADER = YES;
				CLANG_WARN_RANGE_LOOP_ANALYSIS = YES;
				CLANG_WARN_STRICT_PROTOTYPES = YES;
				CLANG_WARN_SUSPICIOUS_MOVE = YES;
				CLANG_WARN_UNGUARDED_AVAILABILITY = YES_AGGRESSIVE;
				CLANG_WARN_UNREACHABLE_CODE = YES;
				CLANG_WARN__DUPLICATE_METHOD_MATCH = YES;
				COPY_PHASE_STRIP = NO;
				DEBUG_INFORMATION_FORMAT = dwarf;
				ENABLE_STRICT_OBJC_MSGSEND = YES;
				ENABLE_TESTABILITY = YES;
				ENABLE_USER_SCRIPT_SANDBOXING = YES;
				GCC_C_LANGUAGE_STANDARD = gnu17;
				GCC_DYNAMIC_NO_PIC = NO;
				GCC_NO_COMMON_BLOCKS = YES;
				GCC_OPTIMIZATION_LEVEL = 0;
				GCC_PREPROCESSOR_DEFINITIONS = (
					"DEBUG=1",
					"$(inherited)",
				);
				GCC_WARN_64_TO_32_BIT_CONVERSION = YES;
				GCC_WARN_ABOUT_RETURN_TYPE = YES_ERROR;
				GCC_WARN_UNDECLARED_SELECTOR = YES;
				GCC_WARN_UNINITIALIZED_AUTOS = YES_AGGRESSIVE;
				GCC_WARN_UNUSED_FUNCTION = YES;
				GCC_WARN_UNUSED_VARIABLE = YES;
				IPHONEOS_DEPLOYMENT_TARGET = 17.2;
				LOCALIZATION_PREFERS_STRING_CATALOGS = YES;
				MTL_ENABLE_DEBUG_INFO = INCLUDE_SOURCE;
				MTL_FAST_MATH = YES;
				ONLY_ACTIVE_ARCH = YES;
				SDKROOT = iphoneos;
				SWIFT_ACTIVE_COMPILATION_CONDITIONS = "DEBUG $(inherited)";
				SWIFT_OPTIMIZATION_LEVEL = "-Onone";
			};
			name = Debug;
		};
		28C786572B9A3C87003C757D /* Release */ = {
			isa = XCBuildConfiguration;
			buildSettings = {
				ALWAYS_SEARCH_USER_PATHS = NO;
				ASSETCATALOG_COMPILER_GENERATE_SWIFT_ASSET_SYMBOL_EXTENSIONS = YES;
				CLANG_ANALYZER_NONNULL = YES;
				CLANG_ANALYZER_NUMBER_OBJECT_CONVERSION = YES_AGGRESSIVE;
				CLANG_CXX_LANGUAGE_STANDARD = "gnu++20";
				CLANG_ENABLE_MODULES = YES;
				CLANG_ENABLE_OBJC_ARC = YES;
				CLANG_ENABLE_OBJC_WEAK = YES;
				CLANG_WARN_BLOCK_CAPTURE_AUTORELEASING = YES;
				CLANG_WARN_BOOL_CONVERSION = YES;
				CLANG_WARN_COMMA = YES;
				CLANG_WARN_CONSTANT_CONVERSION = YES;
				CLANG_WARN_DEPRECATED_OBJC_IMPLEMENTATIONS = YES;
				CLANG_WARN_DIRECT_OBJC_ISA_USAGE = YES_ERROR;
				CLANG_WARN_DOCUMENTATION_COMMENTS = YES;
				CLANG_WARN_EMPTY_BODY = YES;
				CLANG_WARN_ENUM_CONVERSION = YES;
				CLANG_WARN_INFINITE_RECURSION = YES;
				CLANG_WARN_INT_CONVERSION = YES;
				CLANG_WARN_NON_LITERAL_NULL_CONVERSION = YES;
				CLANG_WARN_OBJC_IMPLICIT_RETAIN_SELF = YES;
				CLANG_WARN_OBJC_LITERAL_CONVERSION = YES;
				CLANG_WARN_OBJC_ROOT_CLASS = YES_ERROR;
				CLANG_WARN_QUOTED_INCLUDE_IN_FRAMEWORK_HEADER = YES;
				CLANG_WARN_RANGE_LOOP_ANALYSIS = YES;
				CLANG_WARN_STRICT_PROTOTYPES = YES;
				CLANG_WARN_SUSPICIOUS_MOVE = YES;
				CLANG_WARN_UNGUARDED_AVAILABILITY = YES_AGGRESSIVE;
				CLANG_WARN_UNREACHABLE_CODE = YES;
				CLANG_WARN__DUPLICATE_METHOD_MATCH = YES;
				COPY_PHASE_STRIP = NO;
				DEBUG_INFORMATION_FORMAT = "dwarf-with-dsym";
				ENABLE_NS_ASSERTIONS = NO;
				ENABLE_STRICT_OBJC_MSGSEND = YES;
				ENABLE_USER_SCRIPT_SANDBOXING = YES;
				GCC_C_LANGUAGE_STANDARD = gnu17;
				GCC_NO_COMMON_BLOCKS = YES;
				GCC_WARN_64_TO_32_BIT_CONVERSION = YES;
				GCC_WARN_ABOUT_RETURN_TYPE = YES_ERROR;
				GCC_WARN_UNDECLARED_SELECTOR = YES;
				GCC_WARN_UNINITIALIZED_AUTOS = YES_AGGRESSIVE;
				GCC_WARN_UNUSED_FUNCTION = YES;
				GCC_WARN_UNUSED_VARIABLE = YES;
				IPHONEOS_DEPLOYMENT_TARGET = 17.2;
				LOCALIZATION_PREFERS_STRING_CATALOGS = YES;
				MTL_ENABLE_DEBUG_INFO = NO;
				MTL_FAST_MATH = YES;
				SDKROOT = iphoneos;
				SWIFT_COMPILATION_MODE = wholemodule;
				VALIDATE_PRODUCT = YES;
			};
			name = Release;
		};
		28C786592B9A3C87003C757D /* Debug */ = {
			isa = XCBuildConfiguration;
			buildSettings = {
				ASSETCATALOG_COMPILER_APPICON_NAME = AppIcon;
				ASSETCATALOG_COMPILER_GLOBAL_ACCENT_COLOR_NAME = AccentColor;
				CODE_SIGN_STYLE = Automatic;
				CURRENT_PROJECT_VERSION = 1;
				DEVELOPMENT_TEAM = WW5Y9H45MQ;
				GENERATE_INFOPLIST_FILE = YES;
				INFOPLIST_FILE = "itinAI-Project/Info.plist";
				INFOPLIST_KEY_UIApplicationSupportsIndirectInputEvents = YES;
				INFOPLIST_KEY_UILaunchStoryboardName = LaunchScreen;
				INFOPLIST_KEY_UIMainStoryboardFile = Main;
				INFOPLIST_KEY_UISupportedInterfaceOrientations_iPad = "UIInterfaceOrientationPortrait UIInterfaceOrientationPortraitUpsideDown UIInterfaceOrientationLandscapeLeft UIInterfaceOrientationLandscapeRight";
				INFOPLIST_KEY_UISupportedInterfaceOrientations_iPhone = "UIInterfaceOrientationPortrait UIInterfaceOrientationLandscapeLeft UIInterfaceOrientationLandscapeRight";
				LD_RUNPATH_SEARCH_PATHS = (
					"$(inherited)",
					"@executable_path/Frameworks",
				);
				MARKETING_VERSION = 1.0;
				PRODUCT_BUNDLE_IDENTIFIER = "varsha.itinAI-Project";
				PRODUCT_NAME = "$(TARGET_NAME)";
				SWIFT_EMIT_LOC_STRINGS = YES;
				SWIFT_VERSION = 5.0;
				TARGETED_DEVICE_FAMILY = "1,2";
			};
			name = Debug;
		};
		28C7865A2B9A3C87003C757D /* Release */ = {
			isa = XCBuildConfiguration;
			buildSettings = {
				ASSETCATALOG_COMPILER_APPICON_NAME = AppIcon;
				ASSETCATALOG_COMPILER_GLOBAL_ACCENT_COLOR_NAME = AccentColor;
				CODE_SIGN_STYLE = Automatic;
				CURRENT_PROJECT_VERSION = 1;
				DEVELOPMENT_TEAM = WW5Y9H45MQ;
				GENERATE_INFOPLIST_FILE = YES;
				INFOPLIST_FILE = "itinAI-Project/Info.plist";
				INFOPLIST_KEY_UIApplicationSupportsIndirectInputEvents = YES;
				INFOPLIST_KEY_UILaunchStoryboardName = LaunchScreen;
				INFOPLIST_KEY_UIMainStoryboardFile = Main;
				INFOPLIST_KEY_UISupportedInterfaceOrientations_iPad = "UIInterfaceOrientationPortrait UIInterfaceOrientationPortraitUpsideDown UIInterfaceOrientationLandscapeLeft UIInterfaceOrientationLandscapeRight";
				INFOPLIST_KEY_UISupportedInterfaceOrientations_iPhone = "UIInterfaceOrientationPortrait UIInterfaceOrientationLandscapeLeft UIInterfaceOrientationLandscapeRight";
				LD_RUNPATH_SEARCH_PATHS = (
					"$(inherited)",
					"@executable_path/Frameworks",
				);
				MARKETING_VERSION = 1.0;
				PRODUCT_BUNDLE_IDENTIFIER = "varsha.itinAI-Project";
				PRODUCT_NAME = "$(TARGET_NAME)";
				SWIFT_EMIT_LOC_STRINGS = YES;
				SWIFT_VERSION = 5.0;
				TARGETED_DEVICE_FAMILY = "1,2";
			};
			name = Release;
		};
/* End XCBuildConfiguration section */

/* Begin XCConfigurationList section */
		28C7863C2B9A3C81003C757D /* Build configuration list for PBXProject "itinAI-Project" */ = {
			isa = XCConfigurationList;
			buildConfigurations = (
				28C786562B9A3C87003C757D /* Debug */,
				28C786572B9A3C87003C757D /* Release */,
			);
			defaultConfigurationIsVisible = 0;
			defaultConfigurationName = Release;
		};
		28C786582B9A3C87003C757D /* Build configuration list for PBXNativeTarget "itinAI-Project" */ = {
			isa = XCConfigurationList;
			buildConfigurations = (
				28C786592B9A3C87003C757D /* Debug */,
				28C7865A2B9A3C87003C757D /* Release */,
			);
			defaultConfigurationIsVisible = 0;
			defaultConfigurationName = Release;
		};
/* End XCConfigurationList section */

/* Begin XCRemoteSwiftPackageReference section */
		3BB9936F2BA65384003AC721 /* XCRemoteSwiftPackageReference "firebase-ios-sdk" */ = {
			isa = XCRemoteSwiftPackageReference;
			repositoryURL = "https://github.com/firebase/firebase-ios-sdk";
			requirement = {
				kind = upToNextMajorVersion;
				minimumVersion = 10.22.1;
			};
		};
		3BF2F9F52BBB501400C90D2B /* XCRemoteSwiftPackageReference "OpenAI" */ = {
			isa = XCRemoteSwiftPackageReference;
			repositoryURL = "https://github.com/MacPaw/OpenAI.git";
			requirement = {
				kind = upToNextMajorVersion;
				minimumVersion = 0.2.7;
			};
		};
/* End XCRemoteSwiftPackageReference section */

/* Begin XCSwiftPackageProductDependency section */
		3BB993702BA65384003AC721 /* FirebaseAnalytics */ = {
			isa = XCSwiftPackageProductDependency;
			package = 3BB9936F2BA65384003AC721 /* XCRemoteSwiftPackageReference "firebase-ios-sdk" */;
			productName = FirebaseAnalytics;
		};
		3BB993722BA65384003AC721 /* FirebaseAnalyticsOnDeviceConversion */ = {
			isa = XCSwiftPackageProductDependency;
			package = 3BB9936F2BA65384003AC721 /* XCRemoteSwiftPackageReference "firebase-ios-sdk" */;
			productName = FirebaseAnalyticsOnDeviceConversion;
		};
		3BB993742BA65384003AC721 /* FirebaseAnalyticsSwift */ = {
			isa = XCSwiftPackageProductDependency;
			package = 3BB9936F2BA65384003AC721 /* XCRemoteSwiftPackageReference "firebase-ios-sdk" */;
			productName = FirebaseAnalyticsSwift;
		};
		3BB993762BA65384003AC721 /* FirebaseAnalyticsWithoutAdIdSupport */ = {
			isa = XCSwiftPackageProductDependency;
			package = 3BB9936F2BA65384003AC721 /* XCRemoteSwiftPackageReference "firebase-ios-sdk" */;
			productName = FirebaseAnalyticsWithoutAdIdSupport;
		};
		3BB993782BA65384003AC721 /* FirebaseAppCheck */ = {
			isa = XCSwiftPackageProductDependency;
			package = 3BB9936F2BA65384003AC721 /* XCRemoteSwiftPackageReference "firebase-ios-sdk" */;
			productName = FirebaseAppCheck;
		};
		3BB9937A2BA65384003AC721 /* FirebaseAppDistribution-Beta */ = {
			isa = XCSwiftPackageProductDependency;
			package = 3BB9936F2BA65384003AC721 /* XCRemoteSwiftPackageReference "firebase-ios-sdk" */;
			productName = "FirebaseAppDistribution-Beta";
		};
		3BB9937C2BA65384003AC721 /* FirebaseAuth */ = {
			isa = XCSwiftPackageProductDependency;
			package = 3BB9936F2BA65384003AC721 /* XCRemoteSwiftPackageReference "firebase-ios-sdk" */;
			productName = FirebaseAuth;
		};
		3BB9937E2BA65384003AC721 /* FirebaseAuthCombine-Community */ = {
			isa = XCSwiftPackageProductDependency;
			package = 3BB9936F2BA65384003AC721 /* XCRemoteSwiftPackageReference "firebase-ios-sdk" */;
			productName = "FirebaseAuthCombine-Community";
		};
		3BB993802BA65384003AC721 /* FirebaseCrashlytics */ = {
			isa = XCSwiftPackageProductDependency;
			package = 3BB9936F2BA65384003AC721 /* XCRemoteSwiftPackageReference "firebase-ios-sdk" */;
			productName = FirebaseCrashlytics;
		};
		3BB993822BA65384003AC721 /* FirebaseDatabase */ = {
			isa = XCSwiftPackageProductDependency;
			package = 3BB9936F2BA65384003AC721 /* XCRemoteSwiftPackageReference "firebase-ios-sdk" */;
			productName = FirebaseDatabase;
		};
		3BB993842BA65384003AC721 /* FirebaseDatabaseSwift */ = {
			isa = XCSwiftPackageProductDependency;
			package = 3BB9936F2BA65384003AC721 /* XCRemoteSwiftPackageReference "firebase-ios-sdk" */;
			productName = FirebaseDatabaseSwift;
		};
		3BB993862BA65384003AC721 /* FirebaseDynamicLinks */ = {
			isa = XCSwiftPackageProductDependency;
			package = 3BB9936F2BA65384003AC721 /* XCRemoteSwiftPackageReference "firebase-ios-sdk" */;
			productName = FirebaseDynamicLinks;
		};
		3BB993882BA65384003AC721 /* FirebaseFirestore */ = {
			isa = XCSwiftPackageProductDependency;
			package = 3BB9936F2BA65384003AC721 /* XCRemoteSwiftPackageReference "firebase-ios-sdk" */;
			productName = FirebaseFirestore;
		};
		3BB9938A2BA65384003AC721 /* FirebaseFirestoreCombine-Community */ = {
			isa = XCSwiftPackageProductDependency;
			package = 3BB9936F2BA65384003AC721 /* XCRemoteSwiftPackageReference "firebase-ios-sdk" */;
			productName = "FirebaseFirestoreCombine-Community";
		};
		3BB9938C2BA65384003AC721 /* FirebaseFirestoreSwift */ = {
			isa = XCSwiftPackageProductDependency;
			package = 3BB9936F2BA65384003AC721 /* XCRemoteSwiftPackageReference "firebase-ios-sdk" */;
			productName = FirebaseFirestoreSwift;
		};
		3BB9938E2BA65384003AC721 /* FirebaseFunctions */ = {
			isa = XCSwiftPackageProductDependency;
			package = 3BB9936F2BA65384003AC721 /* XCRemoteSwiftPackageReference "firebase-ios-sdk" */;
			productName = FirebaseFunctions;
		};
		3BB993902BA65384003AC721 /* FirebaseFunctionsCombine-Community */ = {
			isa = XCSwiftPackageProductDependency;
			package = 3BB9936F2BA65384003AC721 /* XCRemoteSwiftPackageReference "firebase-ios-sdk" */;
			productName = "FirebaseFunctionsCombine-Community";
		};
		3BB993922BA65384003AC721 /* FirebaseInAppMessaging-Beta */ = {
			isa = XCSwiftPackageProductDependency;
			package = 3BB9936F2BA65384003AC721 /* XCRemoteSwiftPackageReference "firebase-ios-sdk" */;
			productName = "FirebaseInAppMessaging-Beta";
		};
		3BB993942BA65384003AC721 /* FirebaseInAppMessagingSwift-Beta */ = {
			isa = XCSwiftPackageProductDependency;
			package = 3BB9936F2BA65384003AC721 /* XCRemoteSwiftPackageReference "firebase-ios-sdk" */;
			productName = "FirebaseInAppMessagingSwift-Beta";
		};
		3BB993962BA65384003AC721 /* FirebaseInstallations */ = {
			isa = XCSwiftPackageProductDependency;
			package = 3BB9936F2BA65384003AC721 /* XCRemoteSwiftPackageReference "firebase-ios-sdk" */;
			productName = FirebaseInstallations;
		};
		3BB993982BA65384003AC721 /* FirebaseMLModelDownloader */ = {
			isa = XCSwiftPackageProductDependency;
			package = 3BB9936F2BA65384003AC721 /* XCRemoteSwiftPackageReference "firebase-ios-sdk" */;
			productName = FirebaseMLModelDownloader;
		};
		3BB9939A2BA65384003AC721 /* FirebaseMessaging */ = {
			isa = XCSwiftPackageProductDependency;
			package = 3BB9936F2BA65384003AC721 /* XCRemoteSwiftPackageReference "firebase-ios-sdk" */;
			productName = FirebaseMessaging;
		};
		3BB9939C2BA65384003AC721 /* FirebasePerformance */ = {
			isa = XCSwiftPackageProductDependency;
			package = 3BB9936F2BA65384003AC721 /* XCRemoteSwiftPackageReference "firebase-ios-sdk" */;
			productName = FirebasePerformance;
		};
		3BB9939E2BA65384003AC721 /* FirebaseRemoteConfig */ = {
			isa = XCSwiftPackageProductDependency;
			package = 3BB9936F2BA65384003AC721 /* XCRemoteSwiftPackageReference "firebase-ios-sdk" */;
			productName = FirebaseRemoteConfig;
		};
		3BB993A02BA65384003AC721 /* FirebaseRemoteConfigSwift */ = {
			isa = XCSwiftPackageProductDependency;
			package = 3BB9936F2BA65384003AC721 /* XCRemoteSwiftPackageReference "firebase-ios-sdk" */;
			productName = FirebaseRemoteConfigSwift;
		};
		3BB993A22BA65384003AC721 /* FirebaseStorage */ = {
			isa = XCSwiftPackageProductDependency;
			package = 3BB9936F2BA65384003AC721 /* XCRemoteSwiftPackageReference "firebase-ios-sdk" */;
			productName = FirebaseStorage;
		};
		3BB993A42BA65384003AC721 /* FirebaseStorageCombine-Community */ = {
			isa = XCSwiftPackageProductDependency;
			package = 3BB9936F2BA65384003AC721 /* XCRemoteSwiftPackageReference "firebase-ios-sdk" */;
			productName = "FirebaseStorageCombine-Community";
		};
		3BF2F9F62BBB501400C90D2B /* OpenAI */ = {
			isa = XCSwiftPackageProductDependency;
			package = 3BF2F9F52BBB501400C90D2B /* XCRemoteSwiftPackageReference "OpenAI" */;
			productName = OpenAI;
		};
/* End XCSwiftPackageProductDependency section */

/* Begin XCVersionGroup section */
		28C7864D2B9A3C81003C757D /* itinAI_Project.xcdatamodeld */ = {
			isa = XCVersionGroup;
			children = (
				28C7864E2B9A3C81003C757D /* itinAI_Project.xcdatamodel */,
			);
			currentVersion = 28C7864E2B9A3C81003C757D /* itinAI_Project.xcdatamodel */;
			path = itinAI_Project.xcdatamodeld;
			sourceTree = "<group>";
			versionGroupType = wrapper.xcdatamodel;
		};
/* End XCVersionGroup section */
	};
	rootObject = 28C786392B9A3C81003C757D /* Project object */;
}
